// !$*UTF8*$!
{
	archiveVersion = 1;
	classes = {
	};
	objectVersion = 50;
	objects = {

/* Begin PBXBuildFile section */
		3512DF182223BF0E00D92D06 /* UIView+SDAutoLayout.m in Sources */ = {isa = PBXBuildFile; fileRef = 3512DF112223BF0E00D92D06 /* UIView+SDAutoLayout.m */; };
		3512DF192223BF0E00D92D06 /* UITableView+SDAutoTableViewCellHeight.m in Sources */ = {isa = PBXBuildFile; fileRef = 3512DF142223BF0E00D92D06 /* UITableView+SDAutoTableViewCellHeight.m */; };
		3512DF1A2223BF0E00D92D06 /* LICENSE in Resources */ = {isa = PBXBuildFile; fileRef = 3512DF162223BF0E00D92D06 /* LICENSE */; };
		3512DF1B2223BF0E00D92D06 /* README.md in Resources */ = {isa = PBXBuildFile; fileRef = 3512DF172223BF0E00D92D06 /* README.md */; };
		3513B71B221E85DF003C5352 /* Main.storyboard in Resources */ = {isa = PBXBuildFile; fileRef = 3513B719221E85DF003C5352 /* Main.storyboard */; };
		3513B71D221E85E2003C5352 /* Assets.xcassets in Resources */ = {isa = PBXBuildFile; fileRef = 3513B71C221E85E2003C5352 /* Assets.xcassets */; };
		3513B720221E85E2003C5352 /* LaunchScreen.storyboard in Resources */ = {isa = PBXBuildFile; fileRef = 3513B71E221E85E2003C5352 /* LaunchScreen.storyboard */; };
		3513B723221E85E2003C5352 /* main.m in Sources */ = {isa = PBXBuildFile; fileRef = 3513B722221E85E2003C5352 /* main.m */; };
		3513B72D221EB9C6003C5352 /* UIImage+Colors.m in Sources */ = {isa = PBXBuildFile; fileRef = 3513B72B221EB9C6003C5352 /* UIImage+Colors.m */; };
		3513B731221EBA21003C5352 /* AppDelegate.m in Sources */ = {isa = PBXBuildFile; fileRef = 3513B730221EBA21003C5352 /* AppDelegate.m */; };
		3513B737221F8D09003C5352 /* GXRootTabBarController.m in Sources */ = {isa = PBXBuildFile; fileRef = 3513B734221F8D09003C5352 /* GXRootTabBarController.m */; };
		3513B738221F8D09003C5352 /* GXBaseNavigationViewController.m in Sources */ = {isa = PBXBuildFile; fileRef = 3513B735221F8D09003C5352 /* GXBaseNavigationViewController.m */; };
		3513B73C221F934E003C5352 /* GXHomeVC.m in Sources */ = {isa = PBXBuildFile; fileRef = 3513B73B221F934E003C5352 /* GXHomeVC.m */; };
		3513B753221F97DC003C5352 /* UIImage+GXGradientColor.m in Sources */ = {isa = PBXBuildFile; fileRef = 3513B740221F97DC003C5352 /* UIImage+GXGradientColor.m */; };
		3513B754221F97DC003C5352 /* UIColor+HMExtention.m in Sources */ = {isa = PBXBuildFile; fileRef = 3513B742221F97DC003C5352 /* UIColor+HMExtention.m */; };
		3513B755221F97DC003C5352 /* NSAttributedString+ZFBAdditon.m in Sources */ = {isa = PBXBuildFile; fileRef = 3513B744221F97DC003C5352 /* NSAttributedString+ZFBAdditon.m */; };
		3513B756221F97DC003C5352 /* UIButton+HMObjcSugar.m in Sources */ = {isa = PBXBuildFile; fileRef = 3513B746221F97DC003C5352 /* UIButton+HMObjcSugar.m */; };
		3513B757221F97DC003C5352 /* UIColor+ZFBAddition.m in Sources */ = {isa = PBXBuildFile; fileRef = 3513B747221F97DC003C5352 /* UIColor+ZFBAddition.m */; };
		3513B758221F97DC003C5352 /* UILabel+HMExtention.m in Sources */ = {isa = PBXBuildFile; fileRef = 3513B748221F97DC003C5352 /* UILabel+HMExtention.m */; };
		3513B759221F97DC003C5352 /* ICBaseCommon.m in Sources */ = {isa = PBXBuildFile; fileRef = 3513B749221F97DC003C5352 /* ICBaseCommon.m */; };
		3513B75A221F97DC003C5352 /* NSMutableArray+ZFBAddition.m in Sources */ = {isa = PBXBuildFile; fileRef = 3513B74B221F97DC003C5352 /* NSMutableArray+ZFBAddition.m */; };
		3513B75B221F97DC003C5352 /* NSArray+ZFBAddition.m in Sources */ = {isa = PBXBuildFile; fileRef = 3513B74F221F97DC003C5352 /* NSArray+ZFBAddition.m */; };
		3513B75F221FA8E4003C5352 /* GXGravityVC.m in Sources */ = {isa = PBXBuildFile; fileRef = 3513B75E221FA8E4003C5352 /* GXGravityVC.m */; };
		3513B762221FB14C003C5352 /* GXGravityBackGroundView.m in Sources */ = {isa = PBXBuildFile; fileRef = 3513B761221FB14C003C5352 /* GXGravityBackGroundView.m */; };
		A8AEEF70BE2A44CBD993F39A /* libPods-DemoTest.a in Frameworks */ = {isa = PBXBuildFile; fileRef = 9BBE15961FC8D19B7B8F8CF1 /* libPods-DemoTest.a */; };
/* End PBXBuildFile section */

/* Begin PBXFileReference section */
		27FE0EEB16855FF026EBD623 /* Pods-DemoTest.release.xcconfig */ = {isa = PBXFileReference; includeInIndex = 1; lastKnownFileType = text.xcconfig; name = "Pods-DemoTest.release.xcconfig"; path = "Pods/Target Support Files/Pods-DemoTest/Pods-DemoTest.release.xcconfig"; sourceTree = "<group>"; };
		3512DF112223BF0E00D92D06 /* UIView+SDAutoLayout.m */ = {isa = PBXFileReference; fileEncoding = 4; lastKnownFileType = sourcecode.c.objc; path = "UIView+SDAutoLayout.m"; sourceTree = "<group>"; };
		3512DF122223BF0E00D92D06 /* UITableView+SDAutoTableViewCellHeight.h */ = {isa = PBXFileReference; fileEncoding = 4; lastKnownFileType = sourcecode.c.h; path = "UITableView+SDAutoTableViewCellHeight.h"; sourceTree = "<group>"; };
		3512DF132223BF0E00D92D06 /* SDAutoLayout.h */ = {isa = PBXFileReference; fileEncoding = 4; lastKnownFileType = sourcecode.c.h; path = SDAutoLayout.h; sourceTree = "<group>"; };
		3512DF142223BF0E00D92D06 /* UITableView+SDAutoTableViewCellHeight.m */ = {isa = PBXFileReference; fileEncoding = 4; lastKnownFileType = sourcecode.c.objc; path = "UITableView+SDAutoTableViewCellHeight.m"; sourceTree = "<group>"; };
		3512DF152223BF0E00D92D06 /* UIView+SDAutoLayout.h */ = {isa = PBXFileReference; fileEncoding = 4; lastKnownFileType = sourcecode.c.h; path = "UIView+SDAutoLayout.h"; sourceTree = "<group>"; };
		3512DF162223BF0E00D92D06 /* LICENSE */ = {isa = PBXFileReference; fileEncoding = 4; lastKnownFileType = text; path = LICENSE; sourceTree = "<group>"; };
		3512DF172223BF0E00D92D06 /* README.md */ = {isa = PBXFileReference; fileEncoding = 4; lastKnownFileType = net.daringfireball.markdown; path = README.md; sourceTree = "<group>"; };
		3513B710221E85DF003C5352 /* DemoTest.app */ = {isa = PBXFileReference; explicitFileType = wrapper.application; includeInIndex = 0; path = DemoTest.app; sourceTree = BUILT_PRODUCTS_DIR; };
		3513B71A221E85DF003C5352 /* Base */ = {isa = PBXFileReference; lastKnownFileType = file.storyboard; name = Base; path = Base.lproj/Main.storyboard; sourceTree = "<group>"; };
		3513B71C221E85E2003C5352 /* Assets.xcassets */ = {isa = PBXFileReference; lastKnownFileType = folder.assetcatalog; path = Assets.xcassets; sourceTree = "<group>"; };
		3513B71F221E85E2003C5352 /* Base */ = {isa = PBXFileReference; lastKnownFileType = file.storyboard; name = Base; path = Base.lproj/LaunchScreen.storyboard; sourceTree = "<group>"; };
		3513B721221E85E2003C5352 /* Info.plist */ = {isa = PBXFileReference; lastKnownFileType = text.plist.xml; path = Info.plist; sourceTree = "<group>"; };
		3513B722221E85E2003C5352 /* main.m */ = {isa = PBXFileReference; lastKnownFileType = sourcecode.c.objc; path = main.m; sourceTree = "<group>"; };
		3513B72B221EB9C6003C5352 /* UIImage+Colors.m */ = {isa = PBXFileReference; fileEncoding = 4; lastKnownFileType = sourcecode.c.objc; path = "UIImage+Colors.m"; sourceTree = "<group>"; };
		3513B72C221EB9C6003C5352 /* UIImage+Colors.h */ = {isa = PBXFileReference; fileEncoding = 4; lastKnownFileType = sourcecode.c.h; path = "UIImage+Colors.h"; sourceTree = "<group>"; };
		3513B72F221EBA21003C5352 /* AppDelegate.h */ = {isa = PBXFileReference; fileEncoding = 4; lastKnownFileType = sourcecode.c.h; path = AppDelegate.h; sourceTree = "<group>"; };
		3513B730221EBA21003C5352 /* AppDelegate.m */ = {isa = PBXFileReference; fileEncoding = 4; lastKnownFileType = sourcecode.c.objc; path = AppDelegate.m; sourceTree = "<group>"; };
		3513B733221F8D09003C5352 /* GXBaseNavigationViewController.h */ = {isa = PBXFileReference; fileEncoding = 4; lastKnownFileType = sourcecode.c.h; path = GXBaseNavigationViewController.h; sourceTree = "<group>"; };
		3513B734221F8D09003C5352 /* GXRootTabBarController.m */ = {isa = PBXFileReference; fileEncoding = 4; lastKnownFileType = sourcecode.c.objc; path = GXRootTabBarController.m; sourceTree = "<group>"; };
		3513B735221F8D09003C5352 /* GXBaseNavigationViewController.m */ = {isa = PBXFileReference; fileEncoding = 4; lastKnownFileType = sourcecode.c.objc; path = GXBaseNavigationViewController.m; sourceTree = "<group>"; };
		3513B736221F8D09003C5352 /* GXRootTabBarController.h */ = {isa = PBXFileReference; fileEncoding = 4; lastKnownFileType = sourcecode.c.h; path = GXRootTabBarController.h; sourceTree = "<group>"; };
		3513B73A221F934E003C5352 /* GXHomeVC.h */ = {isa = PBXFileReference; lastKnownFileType = sourcecode.c.h; path = GXHomeVC.h; sourceTree = "<group>"; };
		3513B73B221F934E003C5352 /* GXHomeVC.m */ = {isa = PBXFileReference; lastKnownFileType = sourcecode.c.objc; path = GXHomeVC.m; sourceTree = "<group>"; };
		3513B73E221F953C003C5352 /* GXPrefixHeader.pch */ = {isa = PBXFileReference; lastKnownFileType = sourcecode.c.h; path = GXPrefixHeader.pch; sourceTree = "<group>"; };
		3513B740221F97DC003C5352 /* UIImage+GXGradientColor.m */ = {isa = PBXFileReference; fileEncoding = 4; lastKnownFileType = sourcecode.c.objc; path = "UIImage+GXGradientColor.m"; sourceTree = "<group>"; };
		3513B741221F97DC003C5352 /* NSMutableArray+ZFBAddition.h */ = {isa = PBXFileReference; fileEncoding = 4; lastKnownFileType = sourcecode.c.h; path = "NSMutableArray+ZFBAddition.h"; sourceTree = "<group>"; };
		3513B742221F97DC003C5352 /* UIColor+HMExtention.m */ = {isa = PBXFileReference; fileEncoding = 4; lastKnownFileType = sourcecode.c.objc; path = "UIColor+HMExtention.m"; sourceTree = "<group>"; };
		3513B743221F97DC003C5352 /* ZFBAddition.h */ = {isa = PBXFileReference; fileEncoding = 4; lastKnownFileType = sourcecode.c.h; path = ZFBAddition.h; sourceTree = "<group>"; };
		3513B744221F97DC003C5352 /* NSAttributedString+ZFBAdditon.m */ = {isa = PBXFileReference; fileEncoding = 4; lastKnownFileType = sourcecode.c.objc; path = "NSAttributedString+ZFBAdditon.m"; sourceTree = "<group>"; };
		3513B745221F97DC003C5352 /* NSArray+ZFBAddition.h */ = {isa = PBXFileReference; fileEncoding = 4; lastKnownFileType = sourcecode.c.h; path = "NSArray+ZFBAddition.h"; sourceTree = "<group>"; };
		3513B746221F97DC003C5352 /* UIButton+HMObjcSugar.m */ = {isa = PBXFileReference; fileEncoding = 4; lastKnownFileType = sourcecode.c.objc; path = "UIButton+HMObjcSugar.m"; sourceTree = "<group>"; };
		3513B747221F97DC003C5352 /* UIColor+ZFBAddition.m */ = {isa = PBXFileReference; fileEncoding = 4; lastKnownFileType = sourcecode.c.objc; path = "UIColor+ZFBAddition.m"; sourceTree = "<group>"; };
		3513B748221F97DC003C5352 /* UILabel+HMExtention.m */ = {isa = PBXFileReference; fileEncoding = 4; lastKnownFileType = sourcecode.c.objc; path = "UILabel+HMExtention.m"; sourceTree = "<group>"; };
		3513B749221F97DC003C5352 /* ICBaseCommon.m */ = {isa = PBXFileReference; fileEncoding = 4; lastKnownFileType = sourcecode.c.objc; path = ICBaseCommon.m; sourceTree = "<group>"; };
		3513B74A221F97DC003C5352 /* UIColor+HMExtention.h */ = {isa = PBXFileReference; fileEncoding = 4; lastKnownFileType = sourcecode.c.h; path = "UIColor+HMExtention.h"; sourceTree = "<group>"; };
		3513B74B221F97DC003C5352 /* NSMutableArray+ZFBAddition.m */ = {isa = PBXFileReference; fileEncoding = 4; lastKnownFileType = sourcecode.c.objc; path = "NSMutableArray+ZFBAddition.m"; sourceTree = "<group>"; };
		3513B74C221F97DC003C5352 /* UIImage+GXGradientColor.h */ = {isa = PBXFileReference; fileEncoding = 4; lastKnownFileType = sourcecode.c.h; path = "UIImage+GXGradientColor.h"; sourceTree = "<group>"; };
		3513B74D221F97DC003C5352 /* NSAttributedString+ZFBAdditon.h */ = {isa = PBXFileReference; fileEncoding = 4; lastKnownFileType = sourcecode.c.h; path = "NSAttributedString+ZFBAdditon.h"; sourceTree = "<group>"; };
		3513B74E221F97DC003C5352 /* UIButton+HMObjcSugar.h */ = {isa = PBXFileReference; fileEncoding = 4; lastKnownFileType = sourcecode.c.h; path = "UIButton+HMObjcSugar.h"; sourceTree = "<group>"; };
		3513B74F221F97DC003C5352 /* NSArray+ZFBAddition.m */ = {isa = PBXFileReference; fileEncoding = 4; lastKnownFileType = sourcecode.c.objc; path = "NSArray+ZFBAddition.m"; sourceTree = "<group>"; };
		3513B750221F97DC003C5352 /* ICBaseCommon.h */ = {isa = PBXFileReference; fileEncoding = 4; lastKnownFileType = sourcecode.c.h; path = ICBaseCommon.h; sourceTree = "<group>"; };
		3513B751221F97DC003C5352 /* UILabel+HMExtention.h */ = {isa = PBXFileReference; fileEncoding = 4; lastKnownFileType = sourcecode.c.h; path = "UILabel+HMExtention.h"; sourceTree = "<group>"; };
		3513B752221F97DC003C5352 /* UIColor+ZFBAddition.h */ = {isa = PBXFileReference; fileEncoding = 4; lastKnownFileType = sourcecode.c.h; path = "UIColor+ZFBAddition.h"; sourceTree = "<group>"; };
		3513B75D221FA8E4003C5352 /* GXGravityVC.h */ = {isa = PBXFileReference; lastKnownFileType = sourcecode.c.h; path = GXGravityVC.h; sourceTree = "<group>"; };
		3513B75E221FA8E4003C5352 /* GXGravityVC.m */ = {isa = PBXFileReference; lastKnownFileType = sourcecode.c.objc; path = GXGravityVC.m; sourceTree = "<group>"; };
		3513B760221FB14C003C5352 /* GXGravityBackGroundView.h */ = {isa = PBXFileReference; lastKnownFileType = sourcecode.c.h; path = GXGravityBackGroundView.h; sourceTree = "<group>"; };
		3513B761221FB14C003C5352 /* GXGravityBackGroundView.m */ = {isa = PBXFileReference; lastKnownFileType = sourcecode.c.objc; path = GXGravityBackGroundView.m; sourceTree = "<group>"; };
		9BBE15961FC8D19B7B8F8CF1 /* libPods-DemoTest.a */ = {isa = PBXFileReference; explicitFileType = archive.ar; includeInIndex = 0; path = "libPods-DemoTest.a"; sourceTree = BUILT_PRODUCTS_DIR; };
		FC5DFF86413A524320C386AC /* Pods-DemoTest.debug.xcconfig */ = {isa = PBXFileReference; includeInIndex = 1; lastKnownFileType = text.xcconfig; name = "Pods-DemoTest.debug.xcconfig"; path = "Pods/Target Support Files/Pods-DemoTest/Pods-DemoTest.debug.xcconfig"; sourceTree = "<group>"; };
/* End PBXFileReference section */

/* Begin PBXFrameworksBuildPhase section */
		3513B70D221E85DF003C5352 /* Frameworks */ = {
			isa = PBXFrameworksBuildPhase;
			buildActionMask = 2147483647;
			files = (
				A8AEEF70BE2A44CBD993F39A /* libPods-DemoTest.a in Frameworks */,
			);
			runOnlyForDeploymentPostprocessing = 0;
		};
/* End PBXFrameworksBuildPhase section */

/* Begin PBXGroup section */
		3512DF0D2223BF0E00D92D06 /* T_Third */ = {
			isa = PBXGroup;
			children = (
				3512DF0E2223BF0E00D92D06 /* SDAutoLayout */,
			);
			path = T_Third;
			sourceTree = "<group>";
		};
		3512DF0E2223BF0E00D92D06 /* SDAutoLayout */ = {
			isa = PBXGroup;
			children = (
				3512DF0F2223BF0E00D92D06 /* SDAutoLayoutDemo */,
				3512DF162223BF0E00D92D06 /* LICENSE */,
				3512DF172223BF0E00D92D06 /* README.md */,
			);
			path = SDAutoLayout;
			sourceTree = "<group>";
		};
		3512DF0F2223BF0E00D92D06 /* SDAutoLayoutDemo */ = {
			isa = PBXGroup;
			children = (
				3512DF102223BF0E00D92D06 /* SDAutoLayout */,
			);
			path = SDAutoLayoutDemo;
			sourceTree = "<group>";
		};
		3512DF102223BF0E00D92D06 /* SDAutoLayout */ = {
			isa = PBXGroup;
			children = (
				3512DF112223BF0E00D92D06 /* UIView+SDAutoLayout.m */,
				3512DF122223BF0E00D92D06 /* UITableView+SDAutoTableViewCellHeight.h */,
				3512DF132223BF0E00D92D06 /* SDAutoLayout.h */,
				3512DF142223BF0E00D92D06 /* UITableView+SDAutoTableViewCellHeight.m */,
				3512DF152223BF0E00D92D06 /* UIView+SDAutoLayout.h */,
			);
			path = SDAutoLayout;
			sourceTree = "<group>";
		};
		3513B707221E85DF003C5352 = {
			isa = PBXGroup;
			children = (
				3513B712221E85DF003C5352 /* DemoTest */,
				3513B711221E85DF003C5352 /* Products */,
				9B97269407B14D7EE76A515E /* Pods */,
				E9E11A848A627C2240604DBD /* Frameworks */,
			);
			sourceTree = "<group>";
		};
		3513B711221E85DF003C5352 /* Products */ = {
			isa = PBXGroup;
			children = (
				3513B710221E85DF003C5352 /* DemoTest.app */,
			);
			name = Products;
			sourceTree = "<group>";
		};
		3513B712221E85DF003C5352 /* DemoTest */ = {
			isa = PBXGroup;
			children = (
				3512DF0D2223BF0E00D92D06 /* T_Third */,
				3513B73F221F97DC003C5352 /* T_Tools */,
				3513B729221EB9C6003C5352 /* T_Category */,
				3513B72E221EBA21003C5352 /* T_AppDelegate */,
				3513B732221F8D09003C5352 /* T_Main */,
				3513B739221F932E003C5352 /* T_Home */,
				3513B75C221FA890003C5352 /* T_TextVC */,
				3513B719221E85DF003C5352 /* Main.storyboard */,
				3513B71E221E85E2003C5352 /* LaunchScreen.storyboard */,
				3513B71C221E85E2003C5352 /* Assets.xcassets */,
				3513B721221E85E2003C5352 /* Info.plist */,
				3513B722221E85E2003C5352 /* main.m */,
				3513B73E221F953C003C5352 /* GXPrefixHeader.pch */,
			);
			path = DemoTest;
			sourceTree = "<group>";
		};
		3513B729221EB9C6003C5352 /* T_Category */ = {
			isa = PBXGroup;
			children = (
				3513B72A221EB9C6003C5352 /* Uimage */,
			);
			path = T_Category;
			sourceTree = "<group>";
		};
		3513B72A221EB9C6003C5352 /* Uimage */ = {
			isa = PBXGroup;
			children = (
				3513B72C221EB9C6003C5352 /* UIImage+Colors.h */,
				3513B72B221EB9C6003C5352 /* UIImage+Colors.m */,
			);
			path = Uimage;
			sourceTree = "<group>";
		};
		3513B72E221EBA21003C5352 /* T_AppDelegate */ = {
			isa = PBXGroup;
			children = (
				3513B72F221EBA21003C5352 /* AppDelegate.h */,
				3513B730221EBA21003C5352 /* AppDelegate.m */,
			);
			path = T_AppDelegate;
			sourceTree = "<group>";
		};
		3513B732221F8D09003C5352 /* T_Main */ = {
			isa = PBXGroup;
			children = (
				3513B736221F8D09003C5352 /* GXRootTabBarController.h */,
				3513B734221F8D09003C5352 /* GXRootTabBarController.m */,
				3513B733221F8D09003C5352 /* GXBaseNavigationViewController.h */,
				3513B735221F8D09003C5352 /* GXBaseNavigationViewController.m */,
			);
			path = T_Main;
			sourceTree = "<group>";
		};
		3513B739221F932E003C5352 /* T_Home */ = {
			isa = PBXGroup;
			children = (
				3513B73A221F934E003C5352 /* GXHomeVC.h */,
				3513B73B221F934E003C5352 /* GXHomeVC.m */,
			);
			path = T_Home;
			sourceTree = "<group>";
		};
		3513B73F221F97DC003C5352 /* T_Tools */ = {
			isa = PBXGroup;
			children = (
				3513B743221F97DC003C5352 /* ZFBAddition.h */,
				3513B750221F97DC003C5352 /* ICBaseCommon.h */,
				3513B749221F97DC003C5352 /* ICBaseCommon.m */,
				3513B751221F97DC003C5352 /* UILabel+HMExtention.h */,
				3513B748221F97DC003C5352 /* UILabel+HMExtention.m */,
				3513B752221F97DC003C5352 /* UIColor+ZFBAddition.h */,
				3513B747221F97DC003C5352 /* UIColor+ZFBAddition.m */,
				3513B74C221F97DC003C5352 /* UIImage+GXGradientColor.h */,
				3513B740221F97DC003C5352 /* UIImage+GXGradientColor.m */,
				3513B74D221F97DC003C5352 /* NSAttributedString+ZFBAdditon.h */,
				3513B744221F97DC003C5352 /* NSAttributedString+ZFBAdditon.m */,
				3513B74A221F97DC003C5352 /* UIColor+HMExtention.h */,
				3513B742221F97DC003C5352 /* UIColor+HMExtention.m */,
				3513B745221F97DC003C5352 /* NSArray+ZFBAddition.h */,
				3513B74F221F97DC003C5352 /* NSArray+ZFBAddition.m */,
				3513B74E221F97DC003C5352 /* UIButton+HMObjcSugar.h */,
				3513B746221F97DC003C5352 /* UIButton+HMObjcSugar.m */,
				3513B741221F97DC003C5352 /* NSMutableArray+ZFBAddition.h */,
				3513B74B221F97DC003C5352 /* NSMutableArray+ZFBAddition.m */,
			);
			path = T_Tools;
			sourceTree = "<group>";
		};
		3513B75C221FA890003C5352 /* T_TextVC */ = {
			isa = PBXGroup;
			children = (
				3513B75D221FA8E4003C5352 /* GXGravityVC.h */,
				3513B75E221FA8E4003C5352 /* GXGravityVC.m */,
				3513B760221FB14C003C5352 /* GXGravityBackGroundView.h */,
				3513B761221FB14C003C5352 /* GXGravityBackGroundView.m */,
			);
			path = T_TextVC;
			sourceTree = "<group>";
		};
		9B97269407B14D7EE76A515E /* Pods */ = {
			isa = PBXGroup;
			children = (
				FC5DFF86413A524320C386AC /* Pods-DemoTest.debug.xcconfig */,
				27FE0EEB16855FF026EBD623 /* Pods-DemoTest.release.xcconfig */,
			);
			name = Pods;
			sourceTree = "<group>";
		};
		E9E11A848A627C2240604DBD /* Frameworks */ = {
			isa = PBXGroup;
			children = (
				9BBE15961FC8D19B7B8F8CF1 /* libPods-DemoTest.a */,
			);
			name = Frameworks;
			sourceTree = "<group>";
		};
/* End PBXGroup section */

/* Begin PBXNativeTarget section */
		3513B70F221E85DF003C5352 /* DemoTest */ = {
			isa = PBXNativeTarget;
			buildConfigurationList = 3513B726221E85E2003C5352 /* Build configuration list for PBXNativeTarget "DemoTest" */;
			buildPhases = (
				F67E6275B8B50A965D4C2E81 /* [CP] Check Pods Manifest.lock */,
				3513B70C221E85DF003C5352 /* Sources */,
				3513B70D221E85DF003C5352 /* Frameworks */,
				3513B70E221E85DF003C5352 /* Resources */,
				B3BAB803029684B86394F293 /* [CP] Copy Pods Resources */,
			);
			buildRules = (
			);
			dependencies = (
			);
			name = DemoTest;
			productName = DemoTest;
			productReference = 3513B710221E85DF003C5352 /* DemoTest.app */;
			productType = "com.apple.product-type.application";
		};
/* End PBXNativeTarget section */

/* Begin PBXProject section */
		3513B708221E85DF003C5352 /* Project object */ = {
			isa = PBXProject;
			attributes = {
				CLASSPREFIX = GX;
				LastUpgradeCheck = 1000;
				ORGANIZATIONNAME = T_Guo;
				TargetAttributes = {
					3513B70F221E85DF003C5352 = {
						CreatedOnToolsVersion = 10.0;
					};
				};
			};
			buildConfigurationList = 3513B70B221E85DF003C5352 /* Build configuration list for PBXProject "DemoTest" */;
			compatibilityVersion = "Xcode 9.3";
			developmentRegion = en;
			hasScannedForEncodings = 0;
			knownRegions = (
				en,
				Base,
			);
			mainGroup = 3513B707221E85DF003C5352;
			productRefGroup = 3513B711221E85DF003C5352 /* Products */;
			projectDirPath = "";
			projectRoot = "";
			targets = (
				3513B70F221E85DF003C5352 /* DemoTest */,
			);
		};
/* End PBXProject section */

/* Begin PBXResourcesBuildPhase section */
		3513B70E221E85DF003C5352 /* Resources */ = {
			isa = PBXResourcesBuildPhase;
			buildActionMask = 2147483647;
			files = (
				3513B720221E85E2003C5352 /* LaunchScreen.storyboard in Resources */,
				3513B71D221E85E2003C5352 /* Assets.xcassets in Resources */,
				3512DF1B2223BF0E00D92D06 /* README.md in Resources */,
				3512DF1A2223BF0E00D92D06 /* LICENSE in Resources */,
				3513B71B221E85DF003C5352 /* Main.storyboard in Resources */,
			);
			runOnlyForDeploymentPostprocessing = 0;
		};
/* End PBXResourcesBuildPhase section */

/* Begin PBXShellScriptBuildPhase section */
		B3BAB803029684B86394F293 /* [CP] Copy Pods Resources */ = {
			isa = PBXShellScriptBuildPhase;
			buildActionMask = 2147483647;
			files = (
			);
			inputPaths = (
				"${SRCROOT}/Pods/Target Support Files/Pods-DemoTest/Pods-DemoTest-resources.sh",
				"${PODS_ROOT}/UMCCommonLog/UMCommonLog/UMCommonLog.bundle",
				"${PODS_ROOT}/UMCShare/UMShare/UMSocialUI/UMSocialSDKResources.bundle",
			);
			name = "[CP] Copy Pods Resources";
			outputPaths = (
				"${TARGET_BUILD_DIR}/${UNLOCALIZED_RESOURCES_FOLDER_PATH}/UMCommonLog.bundle",
				"${TARGET_BUILD_DIR}/${UNLOCALIZED_RESOURCES_FOLDER_PATH}/UMSocialSDKResources.bundle",
			);
			runOnlyForDeploymentPostprocessing = 0;
			shellPath = /bin/sh;
			shellScript = "\"${SRCROOT}/Pods/Target Support Files/Pods-DemoTest/Pods-DemoTest-resources.sh\"\n";
			showEnvVarsInLog = 0;
		};
		F67E6275B8B50A965D4C2E81 /* [CP] Check Pods Manifest.lock */ = {
			isa = PBXShellScriptBuildPhase;
			buildActionMask = 2147483647;
			files = (
			);
			inputPaths = (
				"${PODS_PODFILE_DIR_PATH}/Podfile.lock",
				"${PODS_ROOT}/Manifest.lock",
			);
			name = "[CP] Check Pods Manifest.lock";
			outputPaths = (
				"$(DERIVED_FILE_DIR)/Pods-DemoTest-checkManifestLockResult.txt",
			);
			runOnlyForDeploymentPostprocessing = 0;
			shellPath = /bin/sh;
			shellScript = "diff \"${PODS_PODFILE_DIR_PATH}/Podfile.lock\" \"${PODS_ROOT}/Manifest.lock\" > /dev/null\nif [ $? != 0 ] ; then\n    # print error to STDERR\n    echo \"error: The sandbox is not in sync with the Podfile.lock. Run 'pod install' or update your CocoaPods installation.\" >&2\n    exit 1\nfi\n# This output is used by Xcode 'outputs' to avoid re-running this script phase.\necho \"SUCCESS\" > \"${SCRIPT_OUTPUT_FILE_0}\"\n";
			showEnvVarsInLog = 0;
		};
/* End PBXShellScriptBuildPhase section */

/* Begin PBXSourcesBuildPhase section */
		3513B70C221E85DF003C5352 /* Sources */ = {
			isa = PBXSourcesBuildPhase;
			buildActionMask = 2147483647;
			files = (
				3513B758221F97DC003C5352 /* UILabel+HMExtention.m in Sources */,
				3513B753221F97DC003C5352 /* UIImage+GXGradientColor.m in Sources */,
				3513B75A221F97DC003C5352 /* NSMutableArray+ZFBAddition.m in Sources */,
				3513B737221F8D09003C5352 /* GXRootTabBarController.m in Sources */,
				3513B731221EBA21003C5352 /* AppDelegate.m in Sources */,
				3513B762221FB14C003C5352 /* GXGravityBackGroundView.m in Sources */,
				3513B754221F97DC003C5352 /* UIColor+HMExtention.m in Sources */,
				3513B75F221FA8E4003C5352 /* GXGravityVC.m in Sources */,
				3513B72D221EB9C6003C5352 /* UIImage+Colors.m in Sources */,
				3513B757221F97DC003C5352 /* UIColor+ZFBAddition.m in Sources */,
				3513B738221F8D09003C5352 /* GXBaseNavigationViewController.m in Sources */,
				3513B759221F97DC003C5352 /* ICBaseCommon.m in Sources */,
				3512DF192223BF0E00D92D06 /* UITableView+SDAutoTableViewCellHeight.m in Sources */,
				3513B755221F97DC003C5352 /* NSAttributedString+ZFBAdditon.m in Sources */,
				3513B73C221F934E003C5352 /* GXHomeVC.m in Sources */,
				3512DF182223BF0E00D92D06 /* UIView+SDAutoLayout.m in Sources */,
				3513B75B221F97DC003C5352 /* NSArray+ZFBAddition.m in Sources */,
				3513B723221E85E2003C5352 /* main.m in Sources */,
				3513B756221F97DC003C5352 /* UIButton+HMObjcSugar.m in Sources */,
			);
			runOnlyForDeploymentPostprocessing = 0;
		};
/* End PBXSourcesBuildPhase section */

/* Begin PBXVariantGroup section */
		3513B719221E85DF003C5352 /* Main.storyboard */ = {
			isa = PBXVariantGroup;
			children = (
				3513B71A221E85DF003C5352 /* Base */,
			);
			name = Main.storyboard;
			sourceTree = "<group>";
		};
		3513B71E221E85E2003C5352 /* LaunchScreen.storyboard */ = {
			isa = PBXVariantGroup;
			children = (
				3513B71F221E85E2003C5352 /* Base */,
			);
			name = LaunchScreen.storyboard;
			sourceTree = "<group>";
		};
/* End PBXVariantGroup section */

/* Begin XCBuildConfiguration section */
		3513B724221E85E2003C5352 /* Debug */ = {
			isa = XCBuildConfiguration;
			buildSettings = {
				ALWAYS_SEARCH_USER_PATHS = NO;
				CLANG_ANALYZER_NONNULL = YES;
				CLANG_ANALYZER_NUMBER_OBJECT_CONVERSION = YES_AGGRESSIVE;
				CLANG_CXX_LANGUAGE_STANDARD = "gnu++14";
				CLANG_CXX_LIBRARY = "libc++";
				CLANG_ENABLE_MODULES = YES;
				CLANG_ENABLE_OBJC_ARC = YES;
				CLANG_ENABLE_OBJC_WEAK = YES;
				CLANG_WARN_BLOCK_CAPTURE_AUTORELEASING = YES;
				CLANG_WARN_BOOL_CONVERSION = YES;
				CLANG_WARN_COMMA = YES;
				CLANG_WARN_CONSTANT_CONVERSION = YES;
				CLANG_WARN_DEPRECATED_OBJC_IMPLEMENTATIONS = YES;
				CLANG_WARN_DIRECT_OBJC_ISA_USAGE = YES_ERROR;
				CLANG_WARN_DOCUMENTATION_COMMENTS = YES;
				CLANG_WARN_EMPTY_BODY = YES;
				CLANG_WARN_ENUM_CONVERSION = YES;
				CLANG_WARN_INFINITE_RECURSION = YES;
				CLANG_WARN_INT_CONVERSION = YES;
				CLANG_WARN_NON_LITERAL_NULL_CONVERSION = YES;
				CLANG_WARN_OBJC_IMPLICIT_RETAIN_SELF = YES;
				CLANG_WARN_OBJC_LITERAL_CONVERSION = YES;
				CLANG_WARN_OBJC_ROOT_CLASS = YES_ERROR;
				CLANG_WARN_RANGE_LOOP_ANALYSIS = YES;
				CLANG_WARN_STRICT_PROTOTYPES = YES;
				CLANG_WARN_SUSPICIOUS_MOVE = YES;
				CLANG_WARN_UNGUARDED_AVAILABILITY = YES_AGGRESSIVE;
				CLANG_WARN_UNREACHABLE_CODE = YES;
				CLANG_WARN__DUPLICATE_METHOD_MATCH = YES;
				CODE_SIGN_IDENTITY = "iPhone Developer";
				COPY_PHASE_STRIP = NO;
				DEBUG_INFORMATION_FORMAT = dwarf;
				ENABLE_STRICT_OBJC_MSGSEND = YES;
				ENABLE_TESTABILITY = YES;
				GCC_C_LANGUAGE_STANDARD = gnu11;
				GCC_DYNAMIC_NO_PIC = NO;
				GCC_NO_COMMON_BLOCKS = YES;
				GCC_OPTIMIZATION_LEVEL = 0;
				GCC_PREPROCESSOR_DEFINITIONS = (
					"DEBUG=1",
					"$(inherited)",
				);
				GCC_WARN_64_TO_32_BIT_CONVERSION = YES;
				GCC_WARN_ABOUT_RETURN_TYPE = YES_ERROR;
				GCC_WARN_UNDECLARED_SELECTOR = YES;
				GCC_WARN_UNINITIALIZED_AUTOS = YES_AGGRESSIVE;
				GCC_WARN_UNUSED_FUNCTION = YES;
				GCC_WARN_UNUSED_VARIABLE = YES;
				IPHONEOS_DEPLOYMENT_TARGET = 12.0;
				MTL_ENABLE_DEBUG_INFO = INCLUDE_SOURCE;
				MTL_FAST_MATH = YES;
				ONLY_ACTIVE_ARCH = YES;
				SDKROOT = iphoneos;
			};
			name = Debug;
		};
		3513B725221E85E2003C5352 /* Release */ = {
			isa = XCBuildConfiguration;
			buildSettings = {
				ALWAYS_SEARCH_USER_PATHS = NO;
				CLANG_ANALYZER_NONNULL = YES;
				CLANG_ANALYZER_NUMBER_OBJECT_CONVERSION = YES_AGGRESSIVE;
				CLANG_CXX_LANGUAGE_STANDARD = "gnu++14";
				CLANG_CXX_LIBRARY = "libc++";
				CLANG_ENABLE_MODULES = YES;
				CLANG_ENABLE_OBJC_ARC = YES;
				CLANG_ENABLE_OBJC_WEAK = YES;
				CLANG_WARN_BLOCK_CAPTURE_AUTORELEASING = YES;
				CLANG_WARN_BOOL_CONVERSION = YES;
				CLANG_WARN_COMMA = YES;
				CLANG_WARN_CONSTANT_CONVERSION = YES;
				CLANG_WARN_DEPRECATED_OBJC_IMPLEMENTATIONS = YES;
				CLANG_WARN_DIRECT_OBJC_ISA_USAGE = YES_ERROR;
				CLANG_WARN_DOCUMENTATION_COMMENTS = YES;
				CLANG_WARN_EMPTY_BODY = YES;
				CLANG_WARN_ENUM_CONVERSION = YES;
				CLANG_WARN_INFINITE_RECURSION = YES;
				CLANG_WARN_INT_CONVERSION = YES;
				CLANG_WARN_NON_LITERAL_NULL_CONVERSION = YES;
				CLANG_WARN_OBJC_IMPLICIT_RETAIN_SELF = YES;
				CLANG_WARN_OBJC_LITERAL_CONVERSION = YES;
				CLANG_WARN_OBJC_ROOT_CLASS = YES_ERROR;
				CLANG_WARN_RANGE_LOOP_ANALYSIS = YES;
				CLANG_WARN_STRICT_PROTOTYPES = YES;
				CLANG_WARN_SUSPICIOUS_MOVE = YES;
				CLANG_WARN_UNGUARDED_AVAILABILITY = YES_AGGRESSIVE;
				CLANG_WARN_UNREACHABLE_CODE = YES;
				CLANG_WARN__DUPLICATE_METHOD_MATCH = YES;
				CODE_SIGN_IDENTITY = "iPhone Developer";
				COPY_PHASE_STRIP = NO;
				DEBUG_INFORMATION_FORMAT = "dwarf-with-dsym";
				ENABLE_NS_ASSERTIONS = NO;
				ENABLE_STRICT_OBJC_MSGSEND = YES;
				GCC_C_LANGUAGE_STANDARD = gnu11;
				GCC_NO_COMMON_BLOCKS = YES;
				GCC_WARN_64_TO_32_BIT_CONVERSION = YES;
				GCC_WARN_ABOUT_RETURN_TYPE = YES_ERROR;
				GCC_WARN_UNDECLARED_SELECTOR = YES;
				GCC_WARN_UNINITIALIZED_AUTOS = YES_AGGRESSIVE;
				GCC_WARN_UNUSED_FUNCTION = YES;
				GCC_WARN_UNUSED_VARIABLE = YES;
				IPHONEOS_DEPLOYMENT_TARGET = 12.0;
				MTL_ENABLE_DEBUG_INFO = NO;
				MTL_FAST_MATH = YES;
				SDKROOT = iphoneos;
				VALIDATE_PRODUCT = YES;
			};
			name = Release;
		};
		3513B727221E85E2003C5352 /* Debug */ = {
			isa = XCBuildConfiguration;
			baseConfigurationReference = FC5DFF86413A524320C386AC /* Pods-DemoTest.debug.xcconfig */;
			buildSettings = {
				ASSETCATALOG_COMPILER_APPICON_NAME = AppIcon;
				CLANG_WARN_OBJC_IMPLICIT_RETAIN_SELF = NO;
				CODE_SIGN_IDENTITY = "iPhone Developer";
				CODE_SIGN_STYLE = Automatic;
				DEVELOPMENT_TEAM = JWNXJXA43H;
				GCC_PREFIX_HEADER = "$(PRODUCT_NAME)/GXPrefixHeader.pch";
				INFOPLIST_FILE = DemoTest/Info.plist;
				IPHONEOS_DEPLOYMENT_TARGET = 9.0;
				LD_RUNPATH_SEARCH_PATHS = (
					"$(inherited)",
					"@executable_path/Frameworks",
				);
				PRODUCT_BUNDLE_IDENTIFIER = com.mycompany.gx.DemoTest;
				PRODUCT_NAME = "$(TARGET_NAME)";
				PROVISIONING_PROFILE_SPECIFIER = "";
				TARGETED_DEVICE_FAMILY = "1,2";
			};
			name = Debug;
		};
		3513B728221E85E2003C5352 /* Release */ = {
			isa = XCBuildConfiguration;
			baseConfigurationReference = 27FE0EEB16855FF026EBD623 /* Pods-DemoTest.release.xcconfig */;
			buildSettings = {
				ASSETCATALOG_COMPILER_APPICON_NAME = AppIcon;
				CLANG_WARN_OBJC_IMPLICIT_RETAIN_SELF = NO;
				CODE_SIGN_IDENTITY = "iPhone Developer";
				CODE_SIGN_STYLE = Automatic;
				DEVELOPMENT_TEAM = JWNXJXA43H;
				GCC_PREFIX_HEADER = "$(PRODUCT_NAME)/GXPrefixHeader.pch";
				INFOPLIST_FILE = DemoTest/Info.plist;
				IPHONEOS_DEPLOYMENT_TARGET = 9.0;
				LD_RUNPATH_SEARCH_PATHS = (
					"$(inherited)",
					"@executable_path/Frameworks",
				);
				PRODUCT_BUNDLE_IDENTIFIER = com.mycompany.gx.DemoTest;
				PRODUCT_NAME = "$(TARGET_NAME)";
				PROVISIONING_PROFILE_SPECIFIER = "";
				TARGETED_DEVICE_FAMILY = "1,2";
			};
			name = Release;
		};
/* End XCBuildConfiguration section */

/* Begin XCConfigurationList section */
		3513B70B221E85DF003C5352 /* Build configuration list for PBXProject "DemoTest" */ = {
			isa = XCConfigurationList;
			buildConfigurations = (
				3513B724221E85E2003C5352 /* Debug */,
				3513B725221E85E2003C5352 /* Release */,
			);
			defaultConfigurationIsVisible = 0;
			defaultConfigurationName = Release;
		};
		3513B726221E85E2003C5352 /* Build configuration list for PBXNativeTarget "DemoTest" */ = {
			isa = XCConfigurationList;
			buildConfigurations = (
				3513B727221E85E2003C5352 /* Debug */,
				3513B728221E85E2003C5352 /* Release */,
			);
			defaultConfigurationIsVisible = 0;
			defaultConfigurationName = Release;
		};
/* End XCConfigurationList section */
	};
	rootObject = 3513B708221E85DF003C5352 /* Project object */;
}
